
Microsoft Visual Studio Solution File, Format Version 12.00
# Visual Studio Version 16
VisualStudioVersion = 16.0.31729.503
MinimumVisualStudioVersion = 10.0.40219.1
Project("{9A19103F-16F7-4668-BE54-9A1E7A4F7556}") = "webapp", "webapp\webapp.csproj", "{CEB62FDE-3CFF-4D27-9B97-2E404E97BBB0}"
EndProject
Project("{FAE04EC0-301F-11D3-BF4B-00C04F79EFBC}") = "somelib", "somelib\somelib.csproj", "{C6B95416-34AF-40BF-8849-3E3CCA19BB26}"
EndProject
Project("{FAE04EC0-301F-11D3-BF4B-00C04F79EFBC}") = "unittests", "unittests\unittests.csproj", "{B89218BA-28D2-4A23-9043-9D0CB059C9C8}"
EndProject
Global
	GlobalSection(SolutionConfigurationPlatforms) = preSolution
		Debug|Any CPU = Debug|Any CPU
		Release|Any CPU = Release|Any CPU
	EndGlobalSection
	GlobalSection(ProjectConfigurationPlatforms) = postSolution
		{CEB62FDE-3CFF-4D27-9B97-2E404E97BBB0}.Debug|Any CPU.ActiveCfg = Debug|Any CPU
		{CEB62FDE-3CFF-4D27-9B97-2E404E97BBB0}.Debug|Any CPU.Build.0 = Debug|Any CPU
		{CEB62FDE-3CFF-4D27-9B97-2E404E97BBB0}.Release|Any CPU.ActiveCfg = Release|Any CPU
		{CEB62FDE-3CFF-4D27-9B97-2E404E97BBB0}.Release|Any CPU.Build.0 = Release|Any CPU
		{C6B95416-34AF-40BF-8849-3E3CCA19BB26}.Debug|Any CPU.ActiveCfg = Debug|Any CPU
		{C6B95416-34AF-40BF-8849-3E3CCA19BB26}.Debug|Any CPU.Build.0 = Debug|Any CPU
		{C6B95416-34AF-40BF-8849-3E3CCA19BB26}.Release|Any CPU.ActiveCfg = Release|Any CPU
		{C6B95416-34AF-40BF-8849-3E3CCA19BB26}.Release|Any CPU.Build.0 = Release|Any CPU
		{B89218BA-28D2-4A23-9043-9D0CB059C9C8}.Debug|Any CPU.ActiveCfg = Debug|Any CPU
		{B89218BA-28D2-4A23-9043-9D0CB059C9C8}.Debug|Any CPU.Build.0 = Debug|Any CPU
		{B89218BA-28D2-4A23-9043-9D0CB059C9C8}.Release|Any CPU.ActiveCfg = Release|Any CPU
		{B89218BA-28D2-4A23-9043-9D0CB059C9C8}.Release|Any CPU.Build.0 = Release|Any CPU
	EndGlobalSection
	GlobalSection(SolutionProperties) = preSolution
		HideSolutionNode = FALSE
	EndGlobalSection
	GlobalSection(ExtensibilityGlobals) = postSolution
		SolutionGuid = {DCA4E6EA-F644-43CC-93DD-A2477C9CA42A}
	EndGlobalSection
EndGlobal
